// !$*UTF8*$!
{
	archiveVersion = 1;
	classes = {
	};
	objectVersion = 50;
	objects = {

/* Begin PBXBuildFile section */
		2BC08568219B04C2002EC4B7 /* AppDelegate.swift in Sources */ = {isa = PBXBuildFile; fileRef = 2BC08567219B04C2002EC4B7 /* AppDelegate.swift */; };
		2BC0856A219B04C2002EC4B7 /* ViewController.swift in Sources */ = {isa = PBXBuildFile; fileRef = 2BC08569219B04C2002EC4B7 /* ViewController.swift */; };
		2BC0856D219B04C2002EC4B7 /* Main.storyboard in Resources */ = {isa = PBXBuildFile; fileRef = 2BC0856B219B04C2002EC4B7 /* Main.storyboard */; };
		2BC0856F219B04C3002EC4B7 /* Assets.xcassets in Resources */ = {isa = PBXBuildFile; fileRef = 2BC0856E219B04C3002EC4B7 /* Assets.xcassets */; };
		2BC08572219B04C3002EC4B7 /* LaunchScreen.storyboard in Resources */ = {isa = PBXBuildFile; fileRef = 2BC08570219B04C3002EC4B7 /* LaunchScreen.storyboard */; };
		2BC0857D219B04C3002EC4B7 /* PantallasconBotonesAbajoTests.swift in Sources */ = {isa = PBXBuildFile; fileRef = 2BC0857C219B04C3002EC4B7 /* PantallasconBotonesAbajoTests.swift */; };
		2BC08588219B04C3002EC4B7 /* PantallasconBotonesAbajoUITests.swift in Sources */ = {isa = PBXBuildFile; fileRef = 2BC08587219B04C3002EC4B7 /* PantallasconBotonesAbajoUITests.swift */; };
/* End PBXBuildFile section */

/* Begin PBXContainerItemProxy section */
		2BC08579219B04C3002EC4B7 /* PBXContainerItemProxy */ = {
			isa = PBXContainerItemProxy;
			containerPortal = 2BC0855C219B04C2002EC4B7 /* Project object */;
			proxyType = 1;
			remoteGlobalIDString = 2BC08563219B04C2002EC4B7;
			remoteInfo = PantallasconBotonesAbajo;
		};
		2BC08584219B04C3002EC4B7 /* PBXContainerItemProxy */ = {
			isa = PBXContainerItemProxy;
			containerPortal = 2BC0855C219B04C2002EC4B7 /* Project object */;
			proxyType = 1;
			remoteGlobalIDString = 2BC08563219B04C2002EC4B7;
			remoteInfo = PantallasconBotonesAbajo;
		};
/* End PBXContainerItemProxy section */

/* Begin PBXFileReference section */
		2BC08564219B04C2002EC4B7 /* PantallasconBotonesAbajo.app */ = {isa = PBXFileReference; explicitFileType = wrapper.application; includeInIndex = 0; path = PantallasconBotonesAbajo.app; sourceTree = BUILT_PRODUCTS_DIR; };
		2BC08567219B04C2002EC4B7 /* AppDelegate.swift */ = {isa = PBXFileReference; lastKnownFileType = sourcecode.swift; path = AppDelegate.swift; sourceTree = "<group>"; };
		2BC08569219B04C2002EC4B7 /* ViewController.swift */ = {isa = PBXFileReference; lastKnownFileType = sourcecode.swift; path = ViewController.swift; sourceTree = "<group>"; };
		2BC0856C219B04C2002EC4B7 /* Base */ = {isa = PBXFileReference; lastKnownFileType = file.storyboard; name = Base; path = Base.lproj/Main.storyboard; sourceTree = "<group>"; };
		2BC0856E219B04C3002EC4B7 /* Assets.xcassets */ = {isa = PBXFileReference; lastKnownFileType = folder.assetcatalog; path = Assets.xcassets; sourceTree = "<group>"; };
		2BC08571219B04C3002EC4B7 /* Base */ = {isa = PBXFileReference; lastKnownFileType = file.storyboard; name = Base; path = Base.lproj/LaunchScreen.storyboard; sourceTree = "<group>"; };
		2BC08573219B04C3002EC4B7 /* Info.plist */ = {isa = PBXFileReference; lastKnownFileType = text.plist.xml; path = Info.plist; sourceTree = "<group>"; };
		2BC08578219B04C3002EC4B7 /* PantallasconBotonesAbajoTests.xctest */ = {isa = PBXFileReference; explicitFileType = wrapper.cfbundle; includeInIndex = 0; path = PantallasconBotonesAbajoTests.xctest; sourceTree = BUILT_PRODUCTS_DIR; };
		2BC0857C219B04C3002EC4B7 /* PantallasconBotonesAbajoTests.swift */ = {isa = PBXFileReference; lastKnownFileType = sourcecode.swift; path = PantallasconBotonesAbajoTests.swift; sourceTree = "<group>"; };
		2BC0857E219B04C3002EC4B7 /* Info.plist */ = {isa = PBXFileReference; lastKnownFileType = text.plist.xml; path = Info.plist; sourceTree = "<group>"; };
		2BC08583219B04C3002EC4B7 /* PantallasconBotonesAbajoUITests.xctest */ = {isa = PBXFileReference; explicitFileType = wrapper.cfbundle; includeInIndex = 0; path = PantallasconBotonesAbajoUITests.xctest; sourceTree = BUILT_PRODUCTS_DIR; };
		2BC08587219B04C3002EC4B7 /* PantallasconBotonesAbajoUITests.swift */ = {isa = PBXFileReference; lastKnownFileType = sourcecode.swift; path = PantallasconBotonesAbajoUITests.swift; sourceTree = "<group>"; };
		2BC08589219B04C3002EC4B7 /* Info.plist */ = {isa = PBXFileReference; lastKnownFileType = text.plist.xml; path = Info.plist; sourceTree = "<group>"; };
/* End PBXFileReference section */

/* Begin PBXFrameworksBuildPhase section */
		2BC08561219B04C2002EC4B7 /* Frameworks */ = {
			isa = PBXFrameworksBuildPhase;
			buildActionMask = 2147483647;
			files = (
			);
			runOnlyForDeploymentPostprocessing = 0;
		};
		2BC08575219B04C3002EC4B7 /* Frameworks */ = {
			isa = PBXFrameworksBuildPhase;
			buildActionMask = 2147483647;
			files = (
			);
			runOnlyForDeploymentPostprocessing = 0;
		};
		2BC08580219B04C3002EC4B7 /* Frameworks */ = {
			isa = PBXFrameworksBuildPhase;
			buildActionMask = 2147483647;
			files = (
			);
			runOnlyForDeploymentPostprocessing = 0;
		};
/* End PBXFrameworksBuildPhase section */

/* Begin PBXGroup section */
		2BC0855B219B04C2002EC4B7 = {
			isa = PBXGroup;
			children = (
				2BC08566219B04C2002EC4B7 /* PantallasconBotonesAbajo */,
				2BC0857B219B04C3002EC4B7 /* PantallasconBotonesAbajoTests */,
				2BC08586219B04C3002EC4B7 /* PantallasconBotonesAbajoUITests */,
				2BC08565219B04C2002EC4B7 /* Products */,
			);
			sourceTree = "<group>";
		};
		2BC08565219B04C2002EC4B7 /* Products */ = {
			isa = PBXGroup;
			children = (
				2BC08564219B04C2002EC4B7 /* PantallasconBotonesAbajo.app */,
				2BC08578219B04C3002EC4B7 /* PantallasconBotonesAbajoTests.xctest */,
				2BC08583219B04C3002EC4B7 /* PantallasconBotonesAbajoUITests.xctest */,
			);
			name = Products;
			sourceTree = "<group>";
		};
		2BC08566219B04C2002EC4B7 /* PantallasconBotonesAbajo */ = {
			isa = PBXGroup;
			children = (
				2BC08567219B04C2002EC4B7 /* AppDelegate.swift */,
				2BC08569219B04C2002EC4B7 /* ViewController.swift */,
				2BC0856B219B04C2002EC4B7 /* Main.storyboard */,
				2BC0856E219B04C3002EC4B7 /* Assets.xcassets */,
				2BC08570219B04C3002EC4B7 /* LaunchScreen.storyboard */,
				2BC08573219B04C3002EC4B7 /* Info.plist */,
			);
			path = PantallasconBotonesAbajo;
			sourceTree = "<group>";
		};
		2BC0857B219B04C3002EC4B7 /* PantallasconBotonesAbajoTests */ = {
			isa = PBXGroup;
			children = (
				2BC0857C219B04C3002EC4B7 /* PantallasconBotonesAbajoTests.swift */,
				2BC0857E219B04C3002EC4B7 /* Info.plist */,
			);
			path = PantallasconBotonesAbajoTests;
			sourceTree = "<group>";
		};
		2BC08586219B04C3002EC4B7 /* PantallasconBotonesAbajoUITests */ = {
			isa = PBXGroup;
			children = (
				2BC08587219B04C3002EC4B7 /* PantallasconBotonesAbajoUITests.swift */,
				2BC08589219B04C3002EC4B7 /* Info.plist */,
			);
			path = PantallasconBotonesAbajoUITests;
			sourceTree = "<group>";
		};
/* End PBXGroup section */

/* Begin PBXNativeTarget section */
		2BC08563219B04C2002EC4B7 /* PantallasconBotonesAbajo */ = {
			isa = PBXNativeTarget;
			buildConfigurationList = 2BC0858C219B04C3002EC4B7 /* Build configuration list for PBXNativeTarget "PantallasconBotonesAbajo" */;
			buildPhases = (
				2BC08560219B04C2002EC4B7 /* Sources */,
				2BC08561219B04C2002EC4B7 /* Frameworks */,
				2BC08562219B04C2002EC4B7 /* Resources */,
			);
			buildRules = (
			);
			dependencies = (
			);
			name = PantallasconBotonesAbajo;
			productName = PantallasconBotonesAbajo;
			productReference = 2BC08564219B04C2002EC4B7 /* PantallasconBotonesAbajo.app */;
			productType = "com.apple.product-type.application";
		};
		2BC08577219B04C3002EC4B7 /* PantallasconBotonesAbajoTests */ = {
			isa = PBXNativeTarget;
			buildConfigurationList = 2BC0858F219B04C3002EC4B7 /* Build configuration list for PBXNativeTarget "PantallasconBotonesAbajoTests" */;
			buildPhases = (
				2BC08574219B04C3002EC4B7 /* Sources */,
				2BC08575219B04C3002EC4B7 /* Frameworks */,
				2BC08576219B04C3002EC4B7 /* Resources */,
			);
			buildRules = (
			);
			dependencies = (
				2BC0857A219B04C3002EC4B7 /* PBXTargetDependency */,
			);
			name = PantallasconBotonesAbajoTests;
			productName = PantallasconBotonesAbajoTests;
			productReference = 2BC08578219B04C3002EC4B7 /* PantallasconBotonesAbajoTests.xctest */;
			productType = "com.apple.product-type.bundle.unit-test";
		};
		2BC08582219B04C3002EC4B7 /* PantallasconBotonesAbajoUITests */ = {
			isa = PBXNativeTarget;
			buildConfigurationList = 2BC08592219B04C3002EC4B7 /* Build configuration list for PBXNativeTarget "PantallasconBotonesAbajoUITests" */;
			buildPhases = (
				2BC0857F219B04C3002EC4B7 /* Sources */,
				2BC08580219B04C3002EC4B7 /* Frameworks */,
				2BC08581219B04C3002EC4B7 /* Resources */,
			);
			buildRules = (
			);
			dependencies = (
				2BC08585219B04C3002EC4B7 /* PBXTargetDependency */,
			);
			name = PantallasconBotonesAbajoUITests;
			productName = PantallasconBotonesAbajoUITests;
			productReference = 2BC08583219B04C3002EC4B7 /* PantallasconBotonesAbajoUITests.xctest */;
			productType = "com.apple.product-type.bundle.ui-testing";
		};
/* End PBXNativeTarget section */

/* Begin PBXProject section */
		2BC0855C219B04C2002EC4B7 /* Project object */ = {
			isa = PBXProject;
			attributes = {
				LastSwiftUpdateCheck = 1010;
				LastUpgradeCheck = 1010;
				ORGANIZATIONNAME = "Alejandro Marañés";
				TargetAttributes = {
					2BC08563219B04C2002EC4B7 = {
						CreatedOnToolsVersion = 10.1;
					};
					2BC08577219B04C3002EC4B7 = {
						CreatedOnToolsVersion = 10.1;
						TestTargetID = 2BC08563219B04C2002EC4B7;
					};
					2BC08582219B04C3002EC4B7 = {
						CreatedOnToolsVersion = 10.1;
						TestTargetID = 2BC08563219B04C2002EC4B7;
					};
				};
			};
			buildConfigurationList = 2BC0855F219B04C2002EC4B7 /* Build configuration list for PBXProject "PantallasconBotonesAbajo" */;
			compatibilityVersion = "Xcode 9.3";
			developmentRegion = en;
			hasScannedForEncodings = 0;
			knownRegions = (
				en,
				Base,
			);
			mainGroup = 2BC0855B219B04C2002EC4B7;
			productRefGroup = 2BC08565219B04C2002EC4B7 /* Products */;
			projectDirPath = "";
			projectRoot = "";
			targets = (
				2BC08563219B04C2002EC4B7 /* PantallasconBotonesAbajo */,
				2BC08577219B04C3002EC4B7 /* PantallasconBotonesAbajoTests */,
				2BC08582219B04C3002EC4B7 /* PantallasconBotonesAbajoUITests */,
			);
		};
/* End PBXProject section */

/* Begin PBXResourcesBuildPhase section */
		2BC08562219B04C2002EC4B7 /* Resources */ = {
			isa = PBXResourcesBuildPhase;
			buildActionMask = 2147483647;
			files = (
				2BC08572219B04C3002EC4B7 /* LaunchScreen.storyboard in Resources */,
				2BC0856F219B04C3002EC4B7 /* Assets.xcassets in Resources */,
				2BC0856D219B04C2002EC4B7 /* Main.storyboard in Resources */,
			);
			runOnlyForDeploymentPostprocessing = 0;
		};
		2BC08576219B04C3002EC4B7 /* Resources */ = {
			isa = PBXResourcesBuildPhase;
			buildActionMask = 2147483647;
			files = (
			);
			runOnlyForDeploymentPostprocessing = 0;
		};
		2BC08581219B04C3002EC4B7 /* Resources */ = {
			isa = PBXResourcesBuildPhase;
			buildActionMask = 2147483647;
			files = (
			);
			runOnlyForDeploymentPostprocessing = 0;
		};
/* End PBXResourcesBuildPhase section */

/* Begin PBXSourcesBuildPhase section */
		2BC08560219B04C2002EC4B7 /* Sources */ = {
			isa = PBXSourcesBuildPhase;
			buildActionMask = 2147483647;
			files = (
				2BC0856A219B04C2002EC4B7 /* ViewController.swift in Sources */,
				2BC08568219B04C2002EC4B7 /* AppDelegate.swift in Sources */,
			);
			runOnlyForDeploymentPostprocessing = 0;
		};
		2BC08574219B04C3002EC4B7 /* Sources */ = {
			isa = PBXSourcesBuildPhase;
			buildActionMask = 2147483647;
			files = (
				2BC0857D219B04C3002EC4B7 /* PantallasconBotonesAbajoTests.swift in Sources */,
			);
			runOnlyForDeploymentPostprocessing = 0;
		};
		2BC0857F219B04C3002EC4B7 /* Sources */ = {
			isa = PBXSourcesBuildPhase;
			buildActionMask = 2147483647;
			files = (
				2BC08588219B04C3002EC4B7 /* PantallasconBotonesAbajoUITests.swift in Sources */,
			);
			runOnlyForDeploymentPostprocessing = 0;
		};
/* End PBXSourcesBuildPhase section */

/* Begin PBXTargetDependency section */
		2BC0857A219B04C3002EC4B7 /* PBXTargetDependency */ = {
			isa = PBXTargetDependency;
			target = 2BC08563219B04C2002EC4B7 /* PantallasconBotonesAbajo */;
			targetProxy = 2BC08579219B04C3002EC4B7 /* PBXContainerItemProxy */;
		};
		2BC08585219B04C3002EC4B7 /* PBXTargetDependency */ = {
			isa = PBXTargetDependency;
			target = 2BC08563219B04C2002EC4B7 /* PantallasconBotonesAbajo */;
			targetProxy = 2BC08584219B04C3002EC4B7 /* PBXContainerItemProxy */;
		};
/* End PBXTargetDependency section */

/* Begin PBXVariantGroup section */
		2BC0856B219B04C2002EC4B7 /* Main.storyboard */ = {
			isa = PBXVariantGroup;
			children = (
				2BC0856C219B04C2002EC4B7 /* Base */,
			);
			name = Main.storyboard;
			sourceTree = "<group>";
		};
		2BC08570219B04C3002EC4B7 /* LaunchScreen.storyboard */ = {
			isa = PBXVariantGroup;
			children = (
				2BC08571219B04C3002EC4B7 /* Base */,
			);
			name = LaunchScreen.storyboard;
			sourceTree = "<group>";
		};
/* End PBXVariantGroup section */

/* Begin XCBuildConfiguration section */
		2BC0858A219B04C3002EC4B7 /* Debug */ = {
			isa = XCBuildConfiguration;
			buildSettings = {
				ALWAYS_SEARCH_USER_PATHS = NO;
				CLANG_ANALYZER_NONNULL = YES;
				CLANG_ANALYZER_NUMBER_OBJECT_CONVERSION = YES_AGGRESSIVE;
				CLANG_CXX_LANGUAGE_STANDARD = "gnu++14";
				CLANG_CXX_LIBRARY = "libc++";
				CLANG_ENABLE_MODULES = YES;
				CLANG_ENABLE_OBJC_ARC = YES;
				CLANG_ENABLE_OBJC_WEAK = YES;
				CLANG_WARN_BLOCK_CAPTURE_AUTORELEASING = YES;
				CLANG_WARN_BOOL_CONVERSION = YES;
				CLANG_WARN_COMMA = YES;
				CLANG_WARN_CONSTANT_CONVERSION = YES;
				CLANG_WARN_DEPRECATED_OBJC_IMPLEMENTATIONS = YES;
				CLANG_WARN_DIRECT_OBJC_ISA_USAGE = YES_ERROR;
				CLANG_WARN_DOCUMENTATION_COMMENTS = YES;
				CLANG_WARN_EMPTY_BODY = YES;
				CLANG_WARN_ENUM_CONVERSION = YES;
				CLANG_WARN_INFINITE_RECURSION = YES;
				CLANG_WARN_INT_CONVERSION = YES;
				CLANG_WARN_NON_LITERAL_NULL_CONVERSION = YES;
				CLANG_WARN_OBJC_IMPLICIT_RETAIN_SELF = YES;
				CLANG_WARN_OBJC_LITERAL_CONVERSION = YES;
				CLANG_WARN_OBJC_ROOT_CLASS = YES_ERROR;
				CLANG_WARN_RANGE_LOOP_ANALYSIS = YES;
				CLANG_WARN_STRICT_PROTOTYPES = YES;
				CLANG_WARN_SUSPICIOUS_MOVE = YES;
				CLANG_WARN_UNGUARDED_AVAILABILITY = YES_AGGRESSIVE;
				CLANG_WARN_UNREACHABLE_CODE = YES;
				CLANG_WARN__DUPLICATE_METHOD_MATCH = YES;
				CODE_SIGN_IDENTITY = "iPhone Developer";
				COPY_PHASE_STRIP = NO;
				DEBUG_INFORMATION_FORMAT = dwarf;
				ENABLE_STRICT_OBJC_MSGSEND = YES;
				ENABLE_TESTABILITY = YES;
				GCC_C_LANGUAGE_STANDARD = gnu11;
				GCC_DYNAMIC_NO_PIC = NO;
				GCC_NO_COMMON_BLOCKS = YES;
				GCC_OPTIMIZATION_LEVEL = 0;
				GCC_PREPROCESSOR_DEFINITIONS = (
					"DEBUG=1",
					"$(inherited)",
				);
				GCC_WARN_64_TO_32_BIT_CONVERSION = YES;
				GCC_WARN_ABOUT_RETURN_TYPE = YES_ERROR;
				GCC_WARN_UNDECLARED_SELECTOR = YES;
				GCC_WARN_UNINITIALIZED_AUTOS = YES_AGGRESSIVE;
				GCC_WARN_UNUSED_FUNCTION = YES;
				GCC_WARN_UNUSED_VARIABLE = YES;
				IPHONEOS_DEPLOYMENT_TARGET = 12.1;
				MTL_ENABLE_DEBUG_INFO = INCLUDE_SOURCE;
				MTL_FAST_MATH = YES;
				ONLY_ACTIVE_ARCH = YES;
				SDKROOT = iphoneos;
				SWIFT_ACTIVE_COMPILATION_CONDITIONS = DEBUG;
				SWIFT_OPTIMIZATION_LEVEL = "-Onone";
			};
			name = Debug;
		};
		2BC0858B219B04C3002EC4B7 /* Release */ = {
			isa = XCBuildConfiguration;
			buildSettings = {
				ALWAYS_SEARCH_USER_PATHS = NO;
				CLANG_ANALYZER_NONNULL = YES;
				CLANG_ANALYZER_NUMBER_OBJECT_CONVERSION = YES_AGGRESSIVE;
				CLANG_CXX_LANGUAGE_STANDARD = "gnu++14";
				CLANG_CXX_LIBRARY = "libc++";
				CLANG_ENABLE_MODULES = YES;
				CLANG_ENABLE_OBJC_ARC = YES;
				CLANG_ENABLE_OBJC_WEAK = YES;
				CLANG_WARN_BLOCK_CAPTURE_AUTORELEASING = YES;
				CLANG_WARN_BOOL_CONVERSION = YES;
				CLANG_WARN_COMMA = YES;
				CLANG_WARN_CONSTANT_CONVERSION = YES;
				CLANG_WARN_DEPRECATED_OBJC_IMPLEMENTATIONS = YES;
				CLANG_WARN_DIRECT_OBJC_ISA_USAGE = YES_ERROR;
				CLANG_WARN_DOCUMENTATION_COMMENTS = YES;
				CLANG_WARN_EMPTY_BODY = YES;
				CLANG_WARN_ENUM_CONVERSION = YES;
				CLANG_WARN_INFINITE_RECURSION = YES;
				CLANG_WARN_INT_CONVERSION = YES;
				CLANG_WARN_NON_LITERAL_NULL_CONVERSION = YES;
				CLANG_WARN_OBJC_IMPLICIT_RETAIN_SELF = YES;
				CLANG_WARN_OBJC_LITERAL_CONVERSION = YES;
				CLANG_WARN_OBJC_ROOT_CLASS = YES_ERROR;
				CLANG_WARN_RANGE_LOOP_ANALYSIS = YES;
				CLANG_WARN_STRICT_PROTOTYPES = YES;
				CLANG_WARN_SUSPICIOUS_MOVE = YES;
				CLANG_WARN_UNGUARDED_AVAILABILITY = YES_AGGRESSIVE;
				CLANG_WARN_UNREACHABLE_CODE = YES;
				CLANG_WARN__DUPLICATE_METHOD_MATCH = YES;
				CODE_SIGN_IDENTITY = "iPhone Developer";
				COPY_PHASE_STRIP = NO;
				DEBUG_INFORMATION_FORMAT = "dwarf-with-dsym";
				ENABLE_NS_ASSERTIONS = NO;
				ENABLE_STRICT_OBJC_MSGSEND = YES;
				GCC_C_LANGUAGE_STANDARD = gnu11;
				GCC_NO_COMMON_BLOCKS = YES;
				GCC_WARN_64_TO_32_BIT_CONVERSION = YES;
				GCC_WARN_ABOUT_RETURN_TYPE = YES_ERROR;
				GCC_WARN_UNDECLARED_SELECTOR = YES;
				GCC_WARN_UNINITIALIZED_AUTOS = YES_AGGRESSIVE;
				GCC_WARN_UNUSED_FUNCTION = YES;
				GCC_WARN_UNUSED_VARIABLE = YES;
				IPHONEOS_DEPLOYMENT_TARGET = 12.1;
				MTL_ENABLE_DEBUG_INFO = NO;
				MTL_FAST_MATH = YES;
				SDKROOT = iphoneos;
				SWIFT_COMPILATION_MODE = wholemodule;
				SWIFT_OPTIMIZATION_LEVEL = "-O";
				VALIDATE_PRODUCT = YES;
			};
			name = Release;
		};
		2BC0858D219B04C3002EC4B7 /* Debug */ = {
			isa = XCBuildConfiguration;
			buildSettings = {
				ASSETCATALOG_COMPILER_APPICON_NAME = AppIcon;
				CODE_SIGN_STYLE = Automatic;
				DEVELOPMENT_TEAM = KLBY2DFSR9;
				INFOPLIST_FILE = PantallasconBotonesAbajo/Info.plist;
				LD_RUNPATH_SEARCH_PATHS = (
					"$(inherited)",
					"@executable_path/Frameworks",
				);
				PRODUCT_BUNDLE_IDENTIFIER = "Alejandro-Maran-e-s.PantallasconBotonesAbajo";
				PRODUCT_NAME = "$(TARGET_NAME)";
				SWIFT_VERSION = 4.2;
				TARGETED_DEVICE_FAMILY = "1,2";
			};
			name = Debug;
		};
		2BC0858E219B04C3002EC4B7 /* Release */ = {
			isa = XCBuildConfiguration;
			buildSettings = {
				ASSETCATALOG_COMPILER_APPICON_NAME = AppIcon;
				CODE_SIGN_STYLE = Automatic;
				DEVELOPMENT_TEAM = KLBY2DFSR9;
				INFOPLIST_FILE = PantallasconBotonesAbajo/Info.plist;
				LD_RUNPATH_SEARCH_PATHS = (
					"$(inherited)",
					"@executable_path/Frameworks",
				);
				PRODUCT_BUNDLE_IDENTIFIER = "Alejandro-Maran-e-s.PantallasconBotonesAbajo";
				PRODUCT_NAME = "$(TARGET_NAME)";
				SWIFT_VERSION = 4.2;
				TARGETED_DEVICE_FAMILY = "1,2";
			};
			name = Release;
		};
		2BC08590219B04C3002EC4B7 /* Debug */ = {
			isa = XCBuildConfiguration;
			buildSettings = {
				ALWAYS_EMBED_SWIFT_STANDARD_LIBRARIES = YES;
				BUNDLE_LOADER = "$(TEST_HOST)";
				CODE_SIGN_STYLE = Automatic;
				DEVELOPMENT_TEAM = KLBY2DFSR9;
				INFOPLIST_FILE = PantallasconBotonesAbajoTests/Info.plist;
				LD_RUNPATH_SEARCH_PATHS = (
					"$(inherited)",
					"@executable_path/Frameworks",
					"@loader_path/Frameworks",
				);
				PRODUCT_BUNDLE_IDENTIFIER = "Alejandro-Maran-e-s.PantallasconBotonesAbajoTests";
				PRODUCT_NAME = "$(TARGET_NAME)";
				SWIFT_VERSION = 4.2;
				TARGETED_DEVICE_FAMILY = "1,2";
				TEST_HOST = "$(BUILT_PRODUCTS_DIR)/PantallasconBotonesAbajo.app/PantallasconBotonesAbajo";
			};
			name = Debug;
		};
		2BC08591219B04C3002EC4B7 /* Release */ = {
			isa = XCBuildConfiguration;
			buildSettings = {
				ALWAYS_EMBED_SWIFT_STANDARD_LIBRARIES = YES;
				BUNDLE_LOADER = "$(TEST_HOST)";
				CODE_SIGN_STYLE = Automatic;
				DEVELOPMENT_TEAM = KLBY2DFSR9;
				INFOPLIST_FILE = PantallasconBotonesAbajoTests/Info.plist;
				LD_RUNPATH_SEARCH_PATHS = (
					"$(inherited)",
					"@executable_path/Frameworks",
					"@loader_path/Frameworks",
				);
				PRODUCT_BUNDLE_IDENTIFIER = "Alejandro-Maran-e-s.PantallasconBotonesAbajoTests";
				PRODUCT_NAME = "$(TARGET_NAME)";
				SWIFT_VERSION = 4.2;
				TARGETED_DEVICE_FAMILY = "1,2";
				TEST_HOST = "$(BUILT_PRODUCTS_DIR)/PantallasconBotonesAbajo.app/PantallasconBotonesAbajo";
			};
			name = Release;
		};
		2BC08593219B04C3002EC4B7 /* Debug */ = {
			isa = XCBuildConfiguration;
			buildSettings = {
				ALWAYS_EMBED_SWIFT_STANDARD_LIBRARIES = YES;
				CODE_SIGN_STYLE = Automatic;
				DEVELOPMENT_TEAM = KLBY2DFSR9;
				INFOPLIST_FILE = PantallasconBotonesAbajoUITests/Info.plist;
				LD_RUNPATH_SEARCH_PATHS = (
					"$(inherited)",
					"@executable_path/Frameworks",
					"@loader_path/Frameworks",
				);
				PRODUCT_BUNDLE_IDENTIFIER = "Alejandro-Maran-e-s.PantallasconBotonesAbajoUITests";
				PRODUCT_NAME = "$(TARGET_NAME)";
				SWIFT_VERSION = 4.2;
				TARGETED_DEVICE_FAMILY = "1,2";
				TEST_TARGET_NAME = PantallasconBotonesAbajo;
			};
			name = Debug;
		};
		2BC08594219B04C3002EC4B7 /* Release */ = {
			isa = XCBuildConfiguration;
			buildSettings = {
				ALWAYS_EMBED_SWIFT_STANDARD_LIBRARIES = YES;
				CODE_SIGN_STYLE = Automatic;
				DEVELOPMENT_TEAM = KLBY2DFSR9;
				INFOPLIST_FILE = PantallasconBotonesAbajoUITests/Info.plist;
				LD_RUNPATH_SEARCH_PATHS = (
					"$(inherited)",
					"@executable_path/Frameworks",
					"@loader_path/Frameworks",
				);
				PRODUCT_BUNDLE_IDENTIFIER = "Alejandro-Maran-e-s.PantallasconBotonesAbajoUITests";
				PRODUCT_NAME = "$(TARGET_NAME)";
				SWIFT_VERSION = 4.2;
				TARGETED_DEVICE_FAMILY = "1,2";
				TEST_TARGET_NAME = PantallasconBotonesAbajo;
			};
			name = Release;
		};
/* End XCBuildConfiguration section */

/* Begin XCConfigurationList section */
		2BC0855F219B04C2002EC4B7 /* Build configuration list for PBXProject "PantallasconBotonesAbajo" */ = {
			isa = XCConfigurationList;
			buildConfigurations = (
				2BC0858A219B04C3002EC4B7 /* Debug */,
				2BC0858B219B04C3002EC4B7 /* Release */,
			);
			defaultConfigurationIsVisible = 0;
			defaultConfigurationName = Release;
		};
		2BC0858C219B04C3002EC4B7 /* Build configuration list for PBXNativeTarget "PantallasconBotonesAbajo" */ = {
			isa = XCConfigurationList;
			buildConfigurations = (
				2BC0858D219B04C3002EC4B7 /* Debug */,
				2BC0858E219B04C3002EC4B7 /* Release */,
			);
			defaultConfigurationIsVisible = 0;
			defaultConfigurationName = Release;
		};
		2BC0858F219B04C3002EC4B7 /* Build configuration list for PBXNativeTarget "PantallasconBotonesAbajoTests" */ = {
			isa = XCConfigurationList;
			buildConfigurations = (
				2BC08590219B04C3002EC4B7 /* Debug */,
				2BC08591219B04C3002EC4B7 /* Release */,
			);
			defaultConfigurationIsVisible = 0;
			defaultConfigurationName = Release;
		};
		2BC08592219B04C3002EC4B7 /* Build configuration list for PBXNativeTarget "PantallasconBotonesAbajoUITests" */ = {
			isa = XCConfigurationList;
			buildConfigurations = (
				2BC08593219B04C3002EC4B7 /* Debug */,
				2BC08594219B04C3002EC4B7 /* Release */,
			);
			defaultConfigurationIsVisible = 0;
			defaultConfigurationName = Release;
		};
/* End XCConfigurationList section */
	};
	rootObject = 2BC0855C219B04C2002EC4B7 /* Project object */;
}
